// !$*UTF8*$!
{
	archiveVersion = 1;
	classes = {
	};
	objectVersion = 46;
	objects = {

/* Begin PBXBuildFile section */
		4F78326E1E0D29EC002D5708 /* AppDelegate.swift in Sources */ = {isa = PBXBuildFile; fileRef = 4F78326D1E0D29EC002D5708 /* AppDelegate.swift */; };
		4F7832701E0D29EC002D5708 /* ViewController.swift in Sources */ = {isa = PBXBuildFile; fileRef = 4F78326F1E0D29EC002D5708 /* ViewController.swift */; };
		4F7832731E0D29EC002D5708 /* Main.storyboard in Resources */ = {isa = PBXBuildFile; fileRef = 4F7832711E0D29EC002D5708 /* Main.storyboard */; };
		4F7832751E0D29EC002D5708 /* Assets.xcassets in Resources */ = {isa = PBXBuildFile; fileRef = 4F7832741E0D29EC002D5708 /* Assets.xcassets */; };
		4F7832781E0D29EC002D5708 /* LaunchScreen.storyboard in Resources */ = {isa = PBXBuildFile; fileRef = 4F7832761E0D29EC002D5708 /* LaunchScreen.storyboard */; };
		4F7832831E0D29EC002D5708 /* Smart_DrawerTests.swift in Sources */ = {isa = PBXBuildFile; fileRef = 4F7832821E0D29EC002D5708 /* Smart_DrawerTests.swift */; };
		4F78328E1E0D29EC002D5708 /* Smart_DrawerUITests.swift in Sources */ = {isa = PBXBuildFile; fileRef = 4F78328D1E0D29EC002D5708 /* Smart_DrawerUITests.swift */; };
/* End PBXBuildFile section */

/* Begin PBXContainerItemProxy section */
		4F78327F1E0D29EC002D5708 /* PBXContainerItemProxy */ = {
			isa = PBXContainerItemProxy;
			containerPortal = 4F7832621E0D29EC002D5708 /* Project object */;
			proxyType = 1;
			remoteGlobalIDString = 4F7832691E0D29EC002D5708;
			remoteInfo = "Smart-Drawer";
		};
		4F78328A1E0D29EC002D5708 /* PBXContainerItemProxy */ = {
			isa = PBXContainerItemProxy;
			containerPortal = 4F7832621E0D29EC002D5708 /* Project object */;
			proxyType = 1;
			remoteGlobalIDString = 4F7832691E0D29EC002D5708;
			remoteInfo = "Smart-Drawer";
		};
/* End PBXContainerItemProxy section */

/* Begin PBXFileReference section */
		4F78326A1E0D29EC002D5708 /* Smart-Drawer.app */ = {isa = PBXFileReference; explicitFileType = wrapper.application; includeInIndex = 0; path = "Smart-Drawer.app"; sourceTree = BUILT_PRODUCTS_DIR; };
		4F78326D1E0D29EC002D5708 /* AppDelegate.swift */ = {isa = PBXFileReference; lastKnownFileType = sourcecode.swift; path = AppDelegate.swift; sourceTree = "<group>"; };
		4F78326F1E0D29EC002D5708 /* ViewController.swift */ = {isa = PBXFileReference; lastKnownFileType = sourcecode.swift; path = ViewController.swift; sourceTree = "<group>"; };
		4F7832721E0D29EC002D5708 /* Base */ = {isa = PBXFileReference; lastKnownFileType = file.storyboard; name = Base; path = Base.lproj/Main.storyboard; sourceTree = "<group>"; };
		4F7832741E0D29EC002D5708 /* Assets.xcassets */ = {isa = PBXFileReference; lastKnownFileType = folder.assetcatalog; path = Assets.xcassets; sourceTree = "<group>"; };
		4F7832771E0D29EC002D5708 /* Base */ = {isa = PBXFileReference; lastKnownFileType = file.storyboard; name = Base; path = Base.lproj/LaunchScreen.storyboard; sourceTree = "<group>"; };
		4F7832791E0D29EC002D5708 /* Info.plist */ = {isa = PBXFileReference; lastKnownFileType = text.plist.xml; path = Info.plist; sourceTree = "<group>"; };
		4F78327E1E0D29EC002D5708 /* Smart-DrawerTests.xctest */ = {isa = PBXFileReference; explicitFileType = wrapper.cfbundle; includeInIndex = 0; path = "Smart-DrawerTests.xctest"; sourceTree = BUILT_PRODUCTS_DIR; };
		4F7832821E0D29EC002D5708 /* Smart_DrawerTests.swift */ = {isa = PBXFileReference; lastKnownFileType = sourcecode.swift; path = Smart_DrawerTests.swift; sourceTree = "<group>"; };
		4F7832841E0D29EC002D5708 /* Info.plist */ = {isa = PBXFileReference; lastKnownFileType = text.plist.xml; path = Info.plist; sourceTree = "<group>"; };
		4F7832891E0D29EC002D5708 /* Smart-DrawerUITests.xctest */ = {isa = PBXFileReference; explicitFileType = wrapper.cfbundle; includeInIndex = 0; path = "Smart-DrawerUITests.xctest"; sourceTree = BUILT_PRODUCTS_DIR; };
		4F78328D1E0D29EC002D5708 /* Smart_DrawerUITests.swift */ = {isa = PBXFileReference; lastKnownFileType = sourcecode.swift; path = Smart_DrawerUITests.swift; sourceTree = "<group>"; };
		4F78328F1E0D29EC002D5708 /* Info.plist */ = {isa = PBXFileReference; lastKnownFileType = text.plist.xml; path = Info.plist; sourceTree = "<group>"; };
/* End PBXFileReference section */

/* Begin PBXFrameworksBuildPhase section */
		4F7832671E0D29EC002D5708 /* Frameworks */ = {
			isa = PBXFrameworksBuildPhase;
			buildActionMask = 2147483647;
			files = (
			);
			runOnlyForDeploymentPostprocessing = 0;
		};
		4F78327B1E0D29EC002D5708 /* Frameworks */ = {
			isa = PBXFrameworksBuildPhase;
			buildActionMask = 2147483647;
			files = (
			);
			runOnlyForDeploymentPostprocessing = 0;
		};
		4F7832861E0D29EC002D5708 /* Frameworks */ = {
			isa = PBXFrameworksBuildPhase;
			buildActionMask = 2147483647;
			files = (
			);
			runOnlyForDeploymentPostprocessing = 0;
		};
/* End PBXFrameworksBuildPhase section */

/* Begin PBXGroup section */
		4F7832611E0D29EC002D5708 = {
			isa = PBXGroup;
			children = (
				4F78326C1E0D29EC002D5708 /* Smart-Drawer */,
				4F7832811E0D29EC002D5708 /* Smart-DrawerTests */,
				4F78328C1E0D29EC002D5708 /* Smart-DrawerUITests */,
				4F78326B1E0D29EC002D5708 /* Products */,
			);
			sourceTree = "<group>";
		};
		4F78326B1E0D29EC002D5708 /* Products */ = {
			isa = PBXGroup;
			children = (
				4F78326A1E0D29EC002D5708 /* Smart-Drawer.app */,
				4F78327E1E0D29EC002D5708 /* Smart-DrawerTests.xctest */,
				4F7832891E0D29EC002D5708 /* Smart-DrawerUITests.xctest */,
			);
			name = Products;
			sourceTree = "<group>";
		};
		4F78326C1E0D29EC002D5708 /* Smart-Drawer */ = {
			isa = PBXGroup;
			children = (
				4F78326D1E0D29EC002D5708 /* AppDelegate.swift */,
				4F78326F1E0D29EC002D5708 /* ViewController.swift */,
				4F7832711E0D29EC002D5708 /* Main.storyboard */,
				4F7832741E0D29EC002D5708 /* Assets.xcassets */,
				4F7832761E0D29EC002D5708 /* LaunchScreen.storyboard */,
				4F7832791E0D29EC002D5708 /* Info.plist */,
			);
			path = "Smart-Drawer";
			sourceTree = "<group>";
		};
		4F7832811E0D29EC002D5708 /* Smart-DrawerTests */ = {
			isa = PBXGroup;
			children = (
				4F7832821E0D29EC002D5708 /* Smart_DrawerTests.swift */,
				4F7832841E0D29EC002D5708 /* Info.plist */,
			);
			path = "Smart-DrawerTests";
			sourceTree = "<group>";
		};
		4F78328C1E0D29EC002D5708 /* Smart-DrawerUITests */ = {
			isa = PBXGroup;
			children = (
				4F78328D1E0D29EC002D5708 /* Smart_DrawerUITests.swift */,
				4F78328F1E0D29EC002D5708 /* Info.plist */,
			);
			path = "Smart-DrawerUITests";
			sourceTree = "<group>";
		};
/* End PBXGroup section */

/* Begin PBXNativeTarget section */
		4F7832691E0D29EC002D5708 /* Smart-Drawer */ = {
			isa = PBXNativeTarget;
			buildConfigurationList = 4F7832921E0D29EC002D5708 /* Build configuration list for PBXNativeTarget "Smart-Drawer" */;
			buildPhases = (
				4F7832661E0D29EC002D5708 /* Sources */,
				4F7832671E0D29EC002D5708 /* Frameworks */,
				4F7832681E0D29EC002D5708 /* Resources */,
			);
			buildRules = (
			);
			dependencies = (
			);
			name = "Smart-Drawer";
			productName = "Smart-Drawer";
			productReference = 4F78326A1E0D29EC002D5708 /* Smart-Drawer.app */;
			productType = "com.apple.product-type.application";
		};
		4F78327D1E0D29EC002D5708 /* Smart-DrawerTests */ = {
			isa = PBXNativeTarget;
			buildConfigurationList = 4F7832951E0D29EC002D5708 /* Build configuration list for PBXNativeTarget "Smart-DrawerTests" */;
			buildPhases = (
				4F78327A1E0D29EC002D5708 /* Sources */,
				4F78327B1E0D29EC002D5708 /* Frameworks */,
				4F78327C1E0D29EC002D5708 /* Resources */,
			);
			buildRules = (
			);
			dependencies = (
				4F7832801E0D29EC002D5708 /* PBXTargetDependency */,
			);
			name = "Smart-DrawerTests";
			productName = "Smart-DrawerTests";
			productReference = 4F78327E1E0D29EC002D5708 /* Smart-DrawerTests.xctest */;
			productType = "com.apple.product-type.bundle.unit-test";
		};
		4F7832881E0D29EC002D5708 /* Smart-DrawerUITests */ = {
			isa = PBXNativeTarget;
			buildConfigurationList = 4F7832981E0D29EC002D5708 /* Build configuration list for PBXNativeTarget "Smart-DrawerUITests" */;
			buildPhases = (
				4F7832851E0D29EC002D5708 /* Sources */,
				4F7832861E0D29EC002D5708 /* Frameworks */,
				4F7832871E0D29EC002D5708 /* Resources */,
			);
			buildRules = (
			);
			dependencies = (
				4F78328B1E0D29EC002D5708 /* PBXTargetDependency */,
			);
			name = "Smart-DrawerUITests";
			productName = "Smart-DrawerUITests";
			productReference = 4F7832891E0D29EC002D5708 /* Smart-DrawerUITests.xctest */;
			productType = "com.apple.product-type.bundle.ui-testing";
		};
/* End PBXNativeTarget section */

/* Begin PBXProject section */
		4F7832621E0D29EC002D5708 /* Project object */ = {
			isa = PBXProject;
			attributes = {
				LastSwiftUpdateCheck = 0820;
				LastUpgradeCheck = 0820;
				ORGANIZATIONNAME = "Sr. Project";
				TargetAttributes = {
					4F7832691E0D29EC002D5708 = {
						CreatedOnToolsVersion = 8.2.1;
						DevelopmentTeam = 2G2J7L3W3L;
						ProvisioningStyle = Automatic;
					};
					4F78327D1E0D29EC002D5708 = {
						CreatedOnToolsVersion = 8.2.1;
						DevelopmentTeam = 2G2J7L3W3L;
						ProvisioningStyle = Automatic;
						TestTargetID = 4F7832691E0D29EC002D5708;
					};
					4F7832881E0D29EC002D5708 = {
						CreatedOnToolsVersion = 8.2.1;
						DevelopmentTeam = 2G2J7L3W3L;
						ProvisioningStyle = Automatic;
						TestTargetID = 4F7832691E0D29EC002D5708;
					};
				};
			};
			buildConfigurationList = 4F7832651E0D29EC002D5708 /* Build configuration list for PBXProject "Smart-Drawer" */;
			compatibilityVersion = "Xcode 3.2";
			developmentRegion = English;
			hasScannedForEncodings = 0;
			knownRegions = (
				en,
				Base,
			);
			mainGroup = 4F7832611E0D29EC002D5708;
			productRefGroup = 4F78326B1E0D29EC002D5708 /* Products */;
			projectDirPath = "";
			projectRoot = "";
			targets = (
				4F7832691E0D29EC002D5708 /* Smart-Drawer */,
				4F78327D1E0D29EC002D5708 /* Smart-DrawerTests */,
				4F7832881E0D29EC002D5708 /* Smart-DrawerUITests */,
			);
		};
/* End PBXProject section */

/* Begin PBXResourcesBuildPhase section */
		4F7832681E0D29EC002D5708 /* Resources */ = {
			isa = PBXResourcesBuildPhase;
			buildActionMask = 2147483647;
			files = (
				4F7832781E0D29EC002D5708 /* LaunchScreen.storyboard in Resources */,
				4F7832751E0D29EC002D5708 /* Assets.xcassets in Resources */,
				4F7832731E0D29EC002D5708 /* Main.storyboard in Resources */,
			);
			runOnlyForDeploymentPostprocessing = 0;
		};
		4F78327C1E0D29EC002D5708 /* Resources */ = {
			isa = PBXResourcesBuildPhase;
			buildActionMask = 2147483647;
			files = (
			);
			runOnlyForDeploymentPostprocessing = 0;
		};
		4F7832871E0D29EC002D5708 /* Resources */ = {
			isa = PBXResourcesBuildPhase;
			buildActionMask = 2147483647;
			files = (
			);
			runOnlyForDeploymentPostprocessing = 0;
		};
/* End PBXResourcesBuildPhase section */

/* Begin PBXSourcesBuildPhase section */
		4F7832661E0D29EC002D5708 /* Sources */ = {
			isa = PBXSourcesBuildPhase;
			buildActionMask = 2147483647;
			files = (
				4F7832701E0D29EC002D5708 /* ViewController.swift in Sources */,
				4F78326E1E0D29EC002D5708 /* AppDelegate.swift in Sources */,
			);
			runOnlyForDeploymentPostprocessing = 0;
		};
		4F78327A1E0D29EC002D5708 /* Sources */ = {
			isa = PBXSourcesBuildPhase;
			buildActionMask = 2147483647;
			files = (
				4F7832831E0D29EC002D5708 /* Smart_DrawerTests.swift in Sources */,
			);
			runOnlyForDeploymentPostprocessing = 0;
		};
		4F7832851E0D29EC002D5708 /* Sources */ = {
			isa = PBXSourcesBuildPhase;
			buildActionMask = 2147483647;
			files = (
				4F78328E1E0D29EC002D5708 /* Smart_DrawerUITests.swift in Sources */,
			);
			runOnlyForDeploymentPostprocessing = 0;
		};
/* End PBXSourcesBuildPhase section */

/* Begin PBXTargetDependency section */
		4F7832801E0D29EC002D5708 /* PBXTargetDependency */ = {
			isa = PBXTargetDependency;
			target = 4F7832691E0D29EC002D5708 /* Smart-Drawer */;
			targetProxy = 4F78327F1E0D29EC002D5708 /* PBXContainerItemProxy */;
		};
		4F78328B1E0D29EC002D5708 /* PBXTargetDependency */ = {
			isa = PBXTargetDependency;
			target = 4F7832691E0D29EC002D5708 /* Smart-Drawer */;
			targetProxy = 4F78328A1E0D29EC002D5708 /* PBXContainerItemProxy */;
		};
/* End PBXTargetDependency section */

/* Begin PBXVariantGroup section */
		4F7832711E0D29EC002D5708 /* Main.storyboard */ = {
			isa = PBXVariantGroup;
			children = (
				4F7832721E0D29EC002D5708 /* Base */,
			);
			name = Main.storyboard;
			sourceTree = "<group>";
		};
		4F7832761E0D29EC002D5708 /* LaunchScreen.storyboard */ = {
			isa = PBXVariantGroup;
			children = (
				4F7832771E0D29EC002D5708 /* Base */,
			);
			name = LaunchScreen.storyboard;
			sourceTree = "<group>";
		};
/* End PBXVariantGroup section */

/* Begin XCBuildConfiguration section */
		4F7832901E0D29EC002D5708 /* Debug */ = {
			isa = XCBuildConfiguration;
			buildSettings = {
				ALWAYS_SEARCH_USER_PATHS = NO;
				CLANG_ANALYZER_NONNULL = YES;
				CLANG_CXX_LANGUAGE_STANDARD = "gnu++0x";
				CLANG_CXX_LIBRARY = "libc++";
				CLANG_ENABLE_MODULES = YES;
				CLANG_ENABLE_OBJC_ARC = YES;
				CLANG_WARN_BOOL_CONVERSION = YES;
				CLANG_WARN_CONSTANT_CONVERSION = YES;
				CLANG_WARN_DIRECT_OBJC_ISA_USAGE = YES_ERROR;
				CLANG_WARN_DOCUMENTATION_COMMENTS = YES;
				CLANG_WARN_EMPTY_BODY = YES;
				CLANG_WARN_ENUM_CONVERSION = YES;
				CLANG_WARN_INFINITE_RECURSION = YES;
				CLANG_WARN_INT_CONVERSION = YES;
				CLANG_WARN_OBJC_ROOT_CLASS = YES_ERROR;
				CLANG_WARN_SUSPICIOUS_MOVE = YES;
				CLANG_WARN_UNREACHABLE_CODE = YES;
				CLANG_WARN__DUPLICATE_METHOD_MATCH = YES;
				"CODE_SIGN_IDENTITY[sdk=iphoneos*]" = "iPhone Developer";
				COPY_PHASE_STRIP = NO;
				DEBUG_INFORMATION_FORMAT = dwarf;
				ENABLE_STRICT_OBJC_MSGSEND = YES;
				ENABLE_TESTABILITY = YES;
				GCC_C_LANGUAGE_STANDARD = gnu99;
				GCC_DYNAMIC_NO_PIC = NO;
				GCC_NO_COMMON_BLOCKS = YES;
				GCC_OPTIMIZATION_LEVEL = 0;
				GCC_PREPROCESSOR_DEFINITIONS = (
					"DEBUG=1",
					"$(inherited)",
				);
				GCC_WARN_64_TO_32_BIT_CONVERSION = YES;
				GCC_WARN_ABOUT_RETURN_TYPE = YES_ERROR;
				GCC_WARN_UNDECLARED_SELECTOR = YES;
				GCC_WARN_UNINITIALIZED_AUTOS = YES_AGGRESSIVE;
				GCC_WARN_UNUSED_FUNCTION = YES;
				GCC_WARN_UNUSED_VARIABLE = YES;
				IPHONEOS_DEPLOYMENT_TARGET = 10.2;
				MTL_ENABLE_DEBUG_INFO = YES;
				ONLY_ACTIVE_ARCH = YES;
				SDKROOT = iphoneos;
				SWIFT_ACTIVE_COMPILATION_CONDITIONS = DEBUG;
				SWIFT_OPTIMIZATION_LEVEL = "-Onone";
			};
			name = Debug;
		};
		4F7832911E0D29EC002D5708 /* Release */ = {
			isa = XCBuildConfiguration;
			buildSettings = {
				ALWAYS_SEARCH_USER_PATHS = NO;
				CLANG_ANALYZER_NONNULL = YES;
				CLANG_CXX_LANGUAGE_STANDARD = "gnu++0x";
				CLANG_CXX_LIBRARY = "libc++";
				CLANG_ENABLE_MODULES = YES;
				CLANG_ENABLE_OBJC_ARC = YES;
				CLANG_WARN_BOOL_CONVERSION = YES;
				CLANG_WARN_CONSTANT_CONVERSION = YES;
				CLANG_WARN_DIRECT_OBJC_ISA_USAGE = YES_ERROR;
				CLANG_WARN_DOCUMENTATION_COMMENTS = YES;
				CLANG_WARN_EMPTY_BODY = YES;
				CLANG_WARN_ENUM_CONVERSION = YES;
				CLANG_WARN_INFINITE_RECURSION = YES;
				CLANG_WARN_INT_CONVERSION = YES;
				CLANG_WARN_OBJC_ROOT_CLASS = YES_ERROR;
				CLANG_WARN_SUSPICIOUS_MOVE = YES;
				CLANG_WARN_UNREACHABLE_CODE = YES;
				CLANG_WARN__DUPLICATE_METHOD_MATCH = YES;
				"CODE_SIGN_IDENTITY[sdk=iphoneos*]" = "iPhone Developer";
				COPY_PHASE_STRIP = NO;
				DEBUG_INFORMATION_FORMAT = "dwarf-with-dsym";
				ENABLE_NS_ASSERTIONS = NO;
				ENABLE_STRICT_OBJC_MSGSEND = YES;
				GCC_C_LANGUAGE_STANDARD = gnu99;
				GCC_NO_COMMON_BLOCKS = YES;
				GCC_WARN_64_TO_32_BIT_CONVERSION = YES;
				GCC_WARN_ABOUT_RETURN_TYPE = YES_ERROR;
				GCC_WARN_UNDECLARED_SELECTOR = YES;
				GCC_WARN_UNINITIALIZED_AUTOS = YES_AGGRESSIVE;
				GCC_WARN_UNUSED_FUNCTION = YES;
				GCC_WARN_UNUSED_VARIABLE = YES;
				IPHONEOS_DEPLOYMENT_TARGET = 10.2;
				MTL_ENABLE_DEBUG_INFO = NO;
				SDKROOT = iphoneos;
				SWIFT_OPTIMIZATION_LEVEL = "-Owholemodule";
				VALIDATE_PRODUCT = YES;
			};
			name = Release;
		};
		4F7832931E0D29EC002D5708 /* Debug */ = {
			isa = XCBuildConfiguration;
			buildSettings = {
				ASSETCATALOG_COMPILER_APPICON_NAME = AppIcon;
				DEVELOPMENT_TEAM = 2G2J7L3W3L;
				INFOPLIST_FILE = "Smart-Drawer/Info.plist";
				IPHONEOS_DEPLOYMENT_TARGET = 10.0;
				LD_RUNPATH_SEARCH_PATHS = "$(inherited) @executable_path/Frameworks";
				PRODUCT_BUNDLE_IDENTIFIER = "cpp.srproject.Smart-Drawer";
				PRODUCT_NAME = "$(TARGET_NAME)";
				SWIFT_VERSION = 3.0;
			};
			name = Debug;
		};
		4F7832941E0D29EC002D5708 /* Release */ = {
			isa = XCBuildConfiguration;
			buildSettings = {
				ASSETCATALOG_COMPILER_APPICON_NAME = AppIcon;
				DEVELOPMENT_TEAM = 2G2J7L3W3L;
				INFOPLIST_FILE = "Smart-Drawer/Info.plist";
				IPHONEOS_DEPLOYMENT_TARGET = 10.0;
				LD_RUNPATH_SEARCH_PATHS = "$(inherited) @executable_path/Frameworks";
				PRODUCT_BUNDLE_IDENTIFIER = "cpp.srproject.Smart-Drawer";
				PRODUCT_NAME = "$(TARGET_NAME)";
				SWIFT_VERSION = 3.0;
			};
			name = Release;
		};
		4F7832961E0D29EC002D5708 /* Debug */ = {
			isa = XCBuildConfiguration;
			buildSettings = {
				ALWAYS_EMBED_SWIFT_STANDARD_LIBRARIES = YES;
				BUNDLE_LOADER = "$(TEST_HOST)";
				DEVELOPMENT_TEAM = 2G2J7L3W3L;
				INFOPLIST_FILE = "Smart-DrawerTests/Info.plist";
				LD_RUNPATH_SEARCH_PATHS = "$(inherited) @executable_path/Frameworks @loader_path/Frameworks";
				PRODUCT_BUNDLE_IDENTIFIER = "cpp.srproject.Smart-DrawerTests";
				PRODUCT_NAME = "$(TARGET_NAME)";
				SWIFT_VERSION = 3.0;
				TEST_HOST = "$(BUILT_PRODUCTS_DIR)/Smart-Drawer.app/Smart-Drawer";
			};
			name = Debug;
		};
		4F7832971E0D29EC002D5708 /* Release */ = {
			isa = XCBuildConfiguration;
			buildSettings = {
				ALWAYS_EMBED_SWIFT_STANDARD_LIBRARIES = YES;
				BUNDLE_LOADER = "$(TEST_HOST)";
				DEVELOPMENT_TEAM = 2G2J7L3W3L;
				INFOPLIST_FILE = "Smart-DrawerTests/Info.plist";
				LD_RUNPATH_SEARCH_PATHS = "$(inherited) @executable_path/Frameworks @loader_path/Frameworks";
				PRODUCT_BUNDLE_IDENTIFIER = "cpp.srproject.Smart-DrawerTests";
				PRODUCT_NAME = "$(TARGET_NAME)";
				SWIFT_VERSION = 3.0;
				TEST_HOST = "$(BUILT_PRODUCTS_DIR)/Smart-Drawer.app/Smart-Drawer";
			};
			name = Release;
		};
		4F7832991E0D29EC002D5708 /* Debug */ = {
			isa = XCBuildConfiguration;
			buildSettings = {
				ALWAYS_EMBED_SWIFT_STANDARD_LIBRARIES = YES;
				DEVELOPMENT_TEAM = 2G2J7L3W3L;
				INFOPLIST_FILE = "Smart-DrawerUITests/Info.plist";
				LD_RUNPATH_SEARCH_PATHS = "$(inherited) @executable_path/Frameworks @loader_path/Frameworks";
				PRODUCT_BUNDLE_IDENTIFIER = "cpp.srproject.Smart-DrawerUITests";
				PRODUCT_NAME = "$(TARGET_NAME)";
				SWIFT_VERSION = 3.0;
				TEST_TARGET_NAME = "Smart-Drawer";
			};
			name = Debug;
		};
		4F78329A1E0D29EC002D5708 /* Release */ = {
			isa = XCBuildConfiguration;
			buildSettings = {
				ALWAYS_EMBED_SWIFT_STANDARD_LIBRARIES = YES;
				DEVELOPMENT_TEAM = 2G2J7L3W3L;
				INFOPLIST_FILE = "Smart-DrawerUITests/Info.plist";
				LD_RUNPATH_SEARCH_PATHS = "$(inherited) @executable_path/Frameworks @loader_path/Frameworks";
				PRODUCT_BUNDLE_IDENTIFIER = "cpp.srproject.Smart-DrawerUITests";
				PRODUCT_NAME = "$(TARGET_NAME)";
				SWIFT_VERSION = 3.0;
				TEST_TARGET_NAME = "Smart-Drawer";
			};
			name = Release;
		};
/* End XCBuildConfiguration section */

/* Begin XCConfigurationList section */
		4F7832651E0D29EC002D5708 /* Build configuration list for PBXProject "Smart-Drawer" */ = {
			isa = XCConfigurationList;
			buildConfigurations = (
				4F7832901E0D29EC002D5708 /* Debug */,
				4F7832911E0D29EC002D5708 /* Release */,
			);
			defaultConfigurationIsVisible = 0;
			defaultConfigurationName = Release;
		};
		4F7832921E0D29EC002D5708 /* Build configuration list for PBXNativeTarget "Smart-Drawer" */ = {
			isa = XCConfigurationList;
			buildConfigurations = (
				4F7832931E0D29EC002D5708 /* Debug */,
				4F7832941E0D29EC002D5708 /* Release */,
			);
			defaultConfigurationIsVisible = 0;
			defaultConfigurationName = Release;
		};
		4F7832951E0D29EC002D5708 /* Build configuration list for PBXNativeTarget "Smart-DrawerTests" */ = {
			isa = XCConfigurationList;
			buildConfigurations = (
				4F7832961E0D29EC002D5708 /* Debug */,
				4F7832971E0D29EC002D5708 /* Release */,
			);
			defaultConfigurationIsVisible = 0;
			defaultConfigurationName = Release;
		};
		4F7832981E0D29EC002D5708 /* Build configuration list for PBXNativeTarget "Smart-DrawerUITests" */ = {
			isa = XCConfigurationList;
			buildConfigurations = (
				4F7832991E0D29EC002D5708 /* Debug */,
				4F78329A1E0D29EC002D5708 /* Release */,
			);
			defaultConfigurationIsVisible = 0;
			defaultConfigurationName = Release;
		};
/* End XCConfigurationList section */
	};
	rootObject = 4F7832621E0D29EC002D5708 /* Project object */;
}
