// !$*UTF8*$!
{
	archiveVersion = 1;
	classes = {
	};
	objectVersion = 46;
	objects = {

/* Begin PBXBuildFile section */
		4F78326E1E0D29EC002D5708 /* AppDelegate.swift in Sources */ = {isa = PBXBuildFile; fileRef = 4F78326D1E0D29EC002D5708 /* AppDelegate.swift */; };
		4F7832701E0D29EC002D5708 /* ViewController.swift in Sources */ = {isa = PBXBuildFile; fileRef = 4F78326F1E0D29EC002D5708 /* ViewController.swift */; };
		4F7832731E0D29EC002D5708 /* Main.storyboard in Resources */ = {isa = PBXBuildFile; fileRef = 4F7832711E0D29EC002D5708 /* Main.storyboard */; };
		4F7832751E0D29EC002D5708 /* Assets.xcassets in Resources */ = {isa = PBXBuildFile; fileRef = 4F7832741E0D29EC002D5708 /* Assets.xcassets */; };
		4F7832781E0D29EC002D5708 /* LaunchScreen.storyboard in Resources */ = {isa = PBXBuildFile; fileRef = 4F7832761E0D29EC002D5708 /* LaunchScreen.storyboard */; };
		4F7832831E0D29EC002D5708 /* Smart_DrawerTests.swift in Sources */ = {isa = PBXBuildFile; fileRef = 4F7832821E0D29EC002D5708 /* Smart_DrawerTests.swift */; };
		4F78328E1E0D29EC002D5708 /* Smart_DrawerUITests.swift in Sources */ = {isa = PBXBuildFile; fileRef = 4F78328D1E0D29EC002D5708 /* Smart_DrawerUITests.swift */; };
		84101D6A1E626F4D007EC78D /* CoreBluetooth.framework in Frameworks */ = {isa = PBXBuildFile; fileRef = 84101D691E626F4D007EC78D /* CoreBluetooth.framework */; };
		84101D6C1E626F53007EC78D /* UIKit.framework in Frameworks */ = {isa = PBXBuildFile; fileRef = 84101D6B1E626F53007EC78D /* UIKit.framework */; };
		84101D6E1E626F57007EC78D /* Foundation.framework in Frameworks */ = {isa = PBXBuildFile; fileRef = 84101D6D1E626F57007EC78D /* Foundation.framework */; };
		84101D701E626F5D007EC78D /* CoreGraphics.framework in Frameworks */ = {isa = PBXBuildFile; fileRef = 84101D6F1E626F5D007EC78D /* CoreGraphics.framework */; };
		84101D761E627512007EC78D /* TableViewController.m in Sources */ = {isa = PBXBuildFile; fileRef = 84101D751E627512007EC78D /* TableViewController.m */; };
		84101D811E6278E7007EC78D /* BLE.m in Sources */ = {isa = PBXBuildFile; fileRef = 84101D7F1E6278E7007EC78D /* BLE.m */; };
		84263D441E58F4C6005BFE09 /* ConditionsListTableViewController.swift in Sources */ = {isa = PBXBuildFile; fileRef = 84263D431E58F4C6005BFE09 /* ConditionsListTableViewController.swift */; };
		84263D461E58F54D005BFE09 /* ConditionItem.swift in Sources */ = {isa = PBXBuildFile; fileRef = 84263D451E58F54D005BFE09 /* ConditionItem.swift */; };
		84263D481E58F860005BFE09 /* ReceiveMedsTableViewController.swift in Sources */ = {isa = PBXBuildFile; fileRef = 84263D471E58F860005BFE09 /* ReceiveMedsTableViewController.swift */; };
		84263D4B1E58FC21005BFE09 /* UserConditions.swift in Sources */ = {isa = PBXBuildFile; fileRef = 84263D4A1E58FC21005BFE09 /* UserConditions.swift */; };
		84263D4D1E58FE81005BFE09 /* User.swift in Sources */ = {isa = PBXBuildFile; fileRef = 84263D4C1E58FE81005BFE09 /* User.swift */; };
		842864BD1E3AFE8F00413C79 /* UserDashViewController.swift in Sources */ = {isa = PBXBuildFile; fileRef = 842864BC1E3AFE8F00413C79 /* UserDashViewController.swift */; };
		843A90A81E5690B70069A5B0 /* GoogleService-Info.plist in Resources */ = {isa = PBXBuildFile; fileRef = 843A90A71E5690B70069A5B0 /* GoogleService-Info.plist */; };
		843A90A91E5690B70069A5B0 /* GoogleService-Info.plist in Resources */ = {isa = PBXBuildFile; fileRef = 843A90A71E5690B70069A5B0 /* GoogleService-Info.plist */; };
		843A90AA1E5690B70069A5B0 /* GoogleService-Info.plist in Resources */ = {isa = PBXBuildFile; fileRef = 843A90A71E5690B70069A5B0 /* GoogleService-Info.plist */; };
		849A7D901E54CF1300B43CC1 /* EditConditionsViewController.swift in Sources */ = {isa = PBXBuildFile; fileRef = 849A7D8F1E54CF1300B43CC1 /* EditConditionsViewController.swift */; };
		849A7D941E54CF2F00B43CC1 /* AccOptionsViewController.swift in Sources */ = {isa = PBXBuildFile; fileRef = 849A7D931E54CF2F00B43CC1 /* AccOptionsViewController.swift */; };
		84FAB9061E3AEF6E00CA7614 /* LoginViewController.swift in Sources */ = {isa = PBXBuildFile; fileRef = 84FAB9051E3AEF6E00CA7614 /* LoginViewController.swift */; };
		9D4888F3F9786B5AD450BB45 /* Pods_Smart_DrawerUITests.framework in Frameworks */ = {isa = PBXBuildFile; fileRef = E4359ECA8899D90C939D28F7 /* Pods_Smart_DrawerUITests.framework */; };
		BBFD4F436FCB97ED01C948C9 /* Pods_Smart_DrawerTests.framework in Frameworks */ = {isa = PBXBuildFile; fileRef = E078E819BC58B4D0864FDB95 /* Pods_Smart_DrawerTests.framework */; };
		CC4938660B421C3B15F4A377 /* Pods_Smart_Drawer.framework in Frameworks */ = {isa = PBXBuildFile; fileRef = FD1010F07148EB1F7225C129 /* Pods_Smart_Drawer.framework */; };
/* End PBXBuildFile section */

/* Begin PBXContainerItemProxy section */
		4F78327F1E0D29EC002D5708 /* PBXContainerItemProxy */ = {
			isa = PBXContainerItemProxy;
			containerPortal = 4F7832621E0D29EC002D5708 /* Project object */;
			proxyType = 1;
			remoteGlobalIDString = 4F7832691E0D29EC002D5708;
			remoteInfo = "Smart-Drawer";
		};
		4F78328A1E0D29EC002D5708 /* PBXContainerItemProxy */ = {
			isa = PBXContainerItemProxy;
			containerPortal = 4F7832621E0D29EC002D5708 /* Project object */;
			proxyType = 1;
			remoteGlobalIDString = 4F7832691E0D29EC002D5708;
			remoteInfo = "Smart-Drawer";
		};
/* End PBXContainerItemProxy section */

/* Begin PBXFileReference section */
		4F78326A1E0D29EC002D5708 /* Smart-Drawer.app */ = {isa = PBXFileReference; explicitFileType = wrapper.application; includeInIndex = 0; path = "Smart-Drawer.app"; sourceTree = BUILT_PRODUCTS_DIR; };
		4F78326D1E0D29EC002D5708 /* AppDelegate.swift */ = {isa = PBXFileReference; lastKnownFileType = sourcecode.swift; path = AppDelegate.swift; sourceTree = "<group>"; };
		4F78326F1E0D29EC002D5708 /* ViewController.swift */ = {isa = PBXFileReference; lastKnownFileType = sourcecode.swift; path = ViewController.swift; sourceTree = "<group>"; };
		4F7832721E0D29EC002D5708 /* Base */ = {isa = PBXFileReference; lastKnownFileType = file.storyboard; name = Base; path = Base.lproj/Main.storyboard; sourceTree = "<group>"; };
		4F7832741E0D29EC002D5708 /* Assets.xcassets */ = {isa = PBXFileReference; lastKnownFileType = folder.assetcatalog; path = Assets.xcassets; sourceTree = "<group>"; };
		4F7832771E0D29EC002D5708 /* Base */ = {isa = PBXFileReference; lastKnownFileType = file.storyboard; name = Base; path = Base.lproj/LaunchScreen.storyboard; sourceTree = "<group>"; };
		4F7832791E0D29EC002D5708 /* Info.plist */ = {isa = PBXFileReference; lastKnownFileType = text.plist.xml; path = Info.plist; sourceTree = "<group>"; };
		4F78327E1E0D29EC002D5708 /* Smart-DrawerTests.xctest */ = {isa = PBXFileReference; explicitFileType = wrapper.cfbundle; includeInIndex = 0; path = "Smart-DrawerTests.xctest"; sourceTree = BUILT_PRODUCTS_DIR; };
		4F7832821E0D29EC002D5708 /* Smart_DrawerTests.swift */ = {isa = PBXFileReference; lastKnownFileType = sourcecode.swift; path = Smart_DrawerTests.swift; sourceTree = "<group>"; };
		4F7832841E0D29EC002D5708 /* Info.plist */ = {isa = PBXFileReference; lastKnownFileType = text.plist.xml; path = Info.plist; sourceTree = "<group>"; };
		4F7832891E0D29EC002D5708 /* Smart-DrawerUITests.xctest */ = {isa = PBXFileReference; explicitFileType = wrapper.cfbundle; includeInIndex = 0; path = "Smart-DrawerUITests.xctest"; sourceTree = BUILT_PRODUCTS_DIR; };
		4F78328D1E0D29EC002D5708 /* Smart_DrawerUITests.swift */ = {isa = PBXFileReference; lastKnownFileType = sourcecode.swift; path = Smart_DrawerUITests.swift; sourceTree = "<group>"; };
		4F78328F1E0D29EC002D5708 /* Info.plist */ = {isa = PBXFileReference; lastKnownFileType = text.plist.xml; path = Info.plist; sourceTree = "<group>"; };
		84101D691E626F4D007EC78D /* CoreBluetooth.framework */ = {isa = PBXFileReference; lastKnownFileType = wrapper.framework; name = CoreBluetooth.framework; path = System/Library/Frameworks/CoreBluetooth.framework; sourceTree = SDKROOT; };
		84101D6B1E626F53007EC78D /* UIKit.framework */ = {isa = PBXFileReference; lastKnownFileType = wrapper.framework; name = UIKit.framework; path = System/Library/Frameworks/UIKit.framework; sourceTree = SDKROOT; };
		84101D6D1E626F57007EC78D /* Foundation.framework */ = {isa = PBXFileReference; lastKnownFileType = wrapper.framework; name = Foundation.framework; path = System/Library/Frameworks/Foundation.framework; sourceTree = SDKROOT; };
		84101D6F1E626F5D007EC78D /* CoreGraphics.framework */ = {isa = PBXFileReference; lastKnownFileType = wrapper.framework; name = CoreGraphics.framework; path = System/Library/Frameworks/CoreGraphics.framework; sourceTree = SDKROOT; };
		84101D731E627511007EC78D /* Smart-Drawer-Bridging-Header.h */ = {isa = PBXFileReference; lastKnownFileType = sourcecode.c.h; path = "Smart-Drawer-Bridging-Header.h"; sourceTree = "<group>"; };
		84101D741E627512007EC78D /* TableViewController.h */ = {isa = PBXFileReference; fileEncoding = 4; lastKnownFileType = sourcecode.c.h; path = TableViewController.h; sourceTree = "<group>"; };
		84101D751E627512007EC78D /* TableViewController.m */ = {isa = PBXFileReference; fileEncoding = 4; lastKnownFileType = sourcecode.c.objc; path = TableViewController.m; sourceTree = "<group>"; };
		84101D7E1E6278E7007EC78D /* BLE.h */ = {isa = PBXFileReference; fileEncoding = 4; lastKnownFileType = sourcecode.c.h; path = BLE.h; sourceTree = "<group>"; };
		84101D7F1E6278E7007EC78D /* BLE.m */ = {isa = PBXFileReference; fileEncoding = 4; lastKnownFileType = sourcecode.c.objc; path = BLE.m; sourceTree = "<group>"; };
		84101D801E6278E7007EC78D /* BLEDefines.h */ = {isa = PBXFileReference; fileEncoding = 4; lastKnownFileType = sourcecode.c.h; path = BLEDefines.h; sourceTree = "<group>"; };
		84263D431E58F4C6005BFE09 /* ConditionsListTableViewController.swift */ = {isa = PBXFileReference; fileEncoding = 4; lastKnownFileType = sourcecode.swift; path = ConditionsListTableViewController.swift; sourceTree = "<group>"; };
		84263D451E58F54D005BFE09 /* ConditionItem.swift */ = {isa = PBXFileReference; fileEncoding = 4; lastKnownFileType = sourcecode.swift; path = ConditionItem.swift; sourceTree = "<group>"; };
		84263D471E58F860005BFE09 /* ReceiveMedsTableViewController.swift */ = {isa = PBXFileReference; fileEncoding = 4; lastKnownFileType = sourcecode.swift; path = ReceiveMedsTableViewController.swift; sourceTree = "<group>"; };
		84263D4A1E58FC21005BFE09 /* UserConditions.swift */ = {isa = PBXFileReference; fileEncoding = 4; lastKnownFileType = sourcecode.swift; path = UserConditions.swift; sourceTree = "<group>"; };
		84263D4C1E58FE81005BFE09 /* User.swift */ = {isa = PBXFileReference; fileEncoding = 4; lastKnownFileType = sourcecode.swift; path = User.swift; sourceTree = "<group>"; };
		842864BC1E3AFE8F00413C79 /* UserDashViewController.swift */ = {isa = PBXFileReference; fileEncoding = 4; lastKnownFileType = sourcecode.swift; path = UserDashViewController.swift; sourceTree = "<group>"; };
		843A90A71E5690B70069A5B0 /* GoogleService-Info.plist */ = {isa = PBXFileReference; fileEncoding = 4; lastKnownFileType = text.plist.xml; name = "GoogleService-Info.plist"; path = "deps/Firebase/GoogleService-Info.plist"; sourceTree = SOURCE_ROOT; };
		849A7D8F1E54CF1300B43CC1 /* EditConditionsViewController.swift */ = {isa = PBXFileReference; fileEncoding = 4; lastKnownFileType = sourcecode.swift; path = EditConditionsViewController.swift; sourceTree = "<group>"; };
		849A7D931E54CF2F00B43CC1 /* AccOptionsViewController.swift */ = {isa = PBXFileReference; fileEncoding = 4; lastKnownFileType = sourcecode.swift; path = AccOptionsViewController.swift; sourceTree = "<group>"; };
		84E32A4A1E7F28650071F288 /* Smart-Drawer.entitlements */ = {isa = PBXFileReference; lastKnownFileType = text.plist.entitlements; path = "Smart-Drawer.entitlements"; sourceTree = "<group>"; };
		84FAB9051E3AEF6E00CA7614 /* LoginViewController.swift */ = {isa = PBXFileReference; fileEncoding = 4; lastKnownFileType = sourcecode.swift; path = LoginViewController.swift; sourceTree = "<group>"; };
		A9F0290FC286BFFE20532093 /* Pods-Smart-Drawer.debug.xcconfig */ = {isa = PBXFileReference; includeInIndex = 1; lastKnownFileType = text.xcconfig; name = "Pods-Smart-Drawer.debug.xcconfig"; path = "Pods/Target Support Files/Pods-Smart-Drawer/Pods-Smart-Drawer.debug.xcconfig"; sourceTree = "<group>"; };
		B8A1FC2076ED44E0AB080245 /* Pods-Smart-DrawerUITests.debug.xcconfig */ = {isa = PBXFileReference; includeInIndex = 1; lastKnownFileType = text.xcconfig; name = "Pods-Smart-DrawerUITests.debug.xcconfig"; path = "Pods/Target Support Files/Pods-Smart-DrawerUITests/Pods-Smart-DrawerUITests.debug.xcconfig"; sourceTree = "<group>"; };
		DBC00F7D8F6BAC91BFE5909B /* Pods-Smart-Drawer.release.xcconfig */ = {isa = PBXFileReference; includeInIndex = 1; lastKnownFileType = text.xcconfig; name = "Pods-Smart-Drawer.release.xcconfig"; path = "Pods/Target Support Files/Pods-Smart-Drawer/Pods-Smart-Drawer.release.xcconfig"; sourceTree = "<group>"; };
		E078E819BC58B4D0864FDB95 /* Pods_Smart_DrawerTests.framework */ = {isa = PBXFileReference; explicitFileType = wrapper.framework; includeInIndex = 0; path = Pods_Smart_DrawerTests.framework; sourceTree = BUILT_PRODUCTS_DIR; };
		E4359ECA8899D90C939D28F7 /* Pods_Smart_DrawerUITests.framework */ = {isa = PBXFileReference; explicitFileType = wrapper.framework; includeInIndex = 0; path = Pods_Smart_DrawerUITests.framework; sourceTree = BUILT_PRODUCTS_DIR; };
		E5E02AC30D3537E1C38D3EA9 /* Pods-Smart-DrawerUITests.release.xcconfig */ = {isa = PBXFileReference; includeInIndex = 1; lastKnownFileType = text.xcconfig; name = "Pods-Smart-DrawerUITests.release.xcconfig"; path = "Pods/Target Support Files/Pods-Smart-DrawerUITests/Pods-Smart-DrawerUITests.release.xcconfig"; sourceTree = "<group>"; };
		E800F21D1624069403DBA120 /* Pods-Smart-DrawerTests.release.xcconfig */ = {isa = PBXFileReference; includeInIndex = 1; lastKnownFileType = text.xcconfig; name = "Pods-Smart-DrawerTests.release.xcconfig"; path = "Pods/Target Support Files/Pods-Smart-DrawerTests/Pods-Smart-DrawerTests.release.xcconfig"; sourceTree = "<group>"; };
		F80022EFB71EA4A4463D1464 /* Pods-Smart-DrawerTests.debug.xcconfig */ = {isa = PBXFileReference; includeInIndex = 1; lastKnownFileType = text.xcconfig; name = "Pods-Smart-DrawerTests.debug.xcconfig"; path = "Pods/Target Support Files/Pods-Smart-DrawerTests/Pods-Smart-DrawerTests.debug.xcconfig"; sourceTree = "<group>"; };
		FD1010F07148EB1F7225C129 /* Pods_Smart_Drawer.framework */ = {isa = PBXFileReference; explicitFileType = wrapper.framework; includeInIndex = 0; path = Pods_Smart_Drawer.framework; sourceTree = BUILT_PRODUCTS_DIR; };
/* End PBXFileReference section */

/* Begin PBXFrameworksBuildPhase section */
		4F7832671E0D29EC002D5708 /* Frameworks */ = {
			isa = PBXFrameworksBuildPhase;
			buildActionMask = 2147483647;
			files = (
				84101D701E626F5D007EC78D /* CoreGraphics.framework in Frameworks */,
				84101D6E1E626F57007EC78D /* Foundation.framework in Frameworks */,
				84101D6C1E626F53007EC78D /* UIKit.framework in Frameworks */,
				84101D6A1E626F4D007EC78D /* CoreBluetooth.framework in Frameworks */,
				CC4938660B421C3B15F4A377 /* Pods_Smart_Drawer.framework in Frameworks */,
			);
			runOnlyForDeploymentPostprocessing = 0;
		};
		4F78327B1E0D29EC002D5708 /* Frameworks */ = {
			isa = PBXFrameworksBuildPhase;
			buildActionMask = 2147483647;
			files = (
				BBFD4F436FCB97ED01C948C9 /* Pods_Smart_DrawerTests.framework in Frameworks */,
			);
			runOnlyForDeploymentPostprocessing = 0;
		};
		4F7832861E0D29EC002D5708 /* Frameworks */ = {
			isa = PBXFrameworksBuildPhase;
			buildActionMask = 2147483647;
			files = (
				9D4888F3F9786B5AD450BB45 /* Pods_Smart_DrawerUITests.framework in Frameworks */,
			);
			runOnlyForDeploymentPostprocessing = 0;
		};
/* End PBXFrameworksBuildPhase section */

/* Begin PBXGroup section */
		10963D7167B995051BEDCCF1 /* Frameworks */ = {
			isa = PBXGroup;
			children = (
				FD1010F07148EB1F7225C129 /* Pods_Smart_Drawer.framework */,
				E078E819BC58B4D0864FDB95 /* Pods_Smart_DrawerTests.framework */,
				E4359ECA8899D90C939D28F7 /* Pods_Smart_DrawerUITests.framework */,
			);
			name = Frameworks;
			sourceTree = "<group>";
		};
		4F7832611E0D29EC002D5708 = {
			isa = PBXGroup;
			children = (
				4F78326C1E0D29EC002D5708 /* Smart-Drawer */,
				4F7832811E0D29EC002D5708 /* Smart-DrawerTests */,
				4F78328C1E0D29EC002D5708 /* Smart-DrawerUITests */,
				4F78326B1E0D29EC002D5708 /* Products */,
				84101D681E626F4D007EC78D /* Frameworks */,
				D6AEAA425450FE26A995625C /* Pods */,
				10963D7167B995051BEDCCF1 /* Frameworks */,
			);
			sourceTree = "<group>";
		};
		4F78326B1E0D29EC002D5708 /* Products */ = {
			isa = PBXGroup;
			children = (
				4F78326A1E0D29EC002D5708 /* Smart-Drawer.app */,
				4F78327E1E0D29EC002D5708 /* Smart-DrawerTests.xctest */,
				4F7832891E0D29EC002D5708 /* Smart-DrawerUITests.xctest */,
			);
			name = Products;
			sourceTree = "<group>";
		};
		4F78326C1E0D29EC002D5708 /* Smart-Drawer */ = {
			isa = PBXGroup;
			children = (
				84E32A4A1E7F28650071F288 /* Smart-Drawer.entitlements */,
				84FAB9021E3AECF400CA7614 /* View Controllers */,
				4F78326D1E0D29EC002D5708 /* AppDelegate.swift */,
				4F7832711E0D29EC002D5708 /* Main.storyboard */,
				4F7832741E0D29EC002D5708 /* Assets.xcassets */,
				4F7832761E0D29EC002D5708 /* LaunchScreen.storyboard */,
				4F7832791E0D29EC002D5708 /* Info.plist */,
				843A90A71E5690B70069A5B0 /* GoogleService-Info.plist */,
				84263D451E58F54D005BFE09 /* ConditionItem.swift */,
				84263D4A1E58FC21005BFE09 /* UserConditions.swift */,
				84263D4C1E58FE81005BFE09 /* User.swift */,
			);
			path = "Smart-Drawer";
			sourceTree = "<group>";
		};
		4F7832811E0D29EC002D5708 /* Smart-DrawerTests */ = {
			isa = PBXGroup;
			children = (
				4F7832821E0D29EC002D5708 /* Smart_DrawerTests.swift */,
				4F7832841E0D29EC002D5708 /* Info.plist */,
			);
			path = "Smart-DrawerTests";
			sourceTree = "<group>";
		};
		4F78328C1E0D29EC002D5708 /* Smart-DrawerUITests */ = {
			isa = PBXGroup;
			children = (
				4F78328D1E0D29EC002D5708 /* Smart_DrawerUITests.swift */,
				4F78328F1E0D29EC002D5708 /* Info.plist */,
			);
			path = "Smart-DrawerUITests";
			sourceTree = "<group>";
		};
		84101D681E626F4D007EC78D /* Frameworks */ = {
			isa = PBXGroup;
			children = (
				84101D6F1E626F5D007EC78D /* CoreGraphics.framework */,
				84101D6D1E626F57007EC78D /* Foundation.framework */,
				84101D6B1E626F53007EC78D /* UIKit.framework */,
				84101D691E626F4D007EC78D /* CoreBluetooth.framework */,
			);
			name = Frameworks;
			sourceTree = "<group>";
		};
		84101D771E627524007EC78D /* Obj C Files */ = {
			isa = PBXGroup;
			children = (
				84101D7E1E6278E7007EC78D /* BLE.h */,
				84101D7F1E6278E7007EC78D /* BLE.m */,
				84101D801E6278E7007EC78D /* BLEDefines.h */,
				84101D741E627512007EC78D /* TableViewController.h */,
				84101D751E627512007EC78D /* TableViewController.m */,
			);
			name = "Obj C Files";
			sourceTree = "<group>";
		};
		849A7D951E54CF3400B43CC1 /* Account Related */ = {
			isa = PBXGroup;
			children = (
				849A7D8F1E54CF1300B43CC1 /* EditConditionsViewController.swift */,
				849A7D931E54CF2F00B43CC1 /* AccOptionsViewController.swift */,
				84263D471E58F860005BFE09 /* ReceiveMedsTableViewController.swift */,
			);
			name = "Account Related";
			sourceTree = "<group>";
		};
		84FAB9021E3AECF400CA7614 /* View Controllers */ = {
			isa = PBXGroup;
			children = (
				84101D771E627524007EC78D /* Obj C Files */,
				849A7D951E54CF3400B43CC1 /* Account Related */,
				4F78326F1E0D29EC002D5708 /* ViewController.swift */,
				84263D431E58F4C6005BFE09 /* ConditionsListTableViewController.swift */,
				84FAB9051E3AEF6E00CA7614 /* LoginViewController.swift */,
				842864BC1E3AFE8F00413C79 /* UserDashViewController.swift */,
				84101D731E627511007EC78D /* Smart-Drawer-Bridging-Header.h */,
			);
			name = "View Controllers";
			sourceTree = "<group>";
		};
		D6AEAA425450FE26A995625C /* Pods */ = {
			isa = PBXGroup;
			children = (
				A9F0290FC286BFFE20532093 /* Pods-Smart-Drawer.debug.xcconfig */,
				DBC00F7D8F6BAC91BFE5909B /* Pods-Smart-Drawer.release.xcconfig */,
				F80022EFB71EA4A4463D1464 /* Pods-Smart-DrawerTests.debug.xcconfig */,
				E800F21D1624069403DBA120 /* Pods-Smart-DrawerTests.release.xcconfig */,
				B8A1FC2076ED44E0AB080245 /* Pods-Smart-DrawerUITests.debug.xcconfig */,
				E5E02AC30D3537E1C38D3EA9 /* Pods-Smart-DrawerUITests.release.xcconfig */,
			);
			name = Pods;
			sourceTree = "<group>";
		};
/* End PBXGroup section */

/* Begin PBXNativeTarget section */
		4F7832691E0D29EC002D5708 /* Smart-Drawer */ = {
			isa = PBXNativeTarget;
			buildConfigurationList = 4F7832921E0D29EC002D5708 /* Build configuration list for PBXNativeTarget "Smart-Drawer" */;
			buildPhases = (
				D3DAC558D8AA6B938F270CD1 /* [CP] Check Pods Manifest.lock */,
				4F7832661E0D29EC002D5708 /* Sources */,
				4F7832671E0D29EC002D5708 /* Frameworks */,
				4F7832681E0D29EC002D5708 /* Resources */,
				827314E00A1DA139CF928A03 /* [CP] Embed Pods Frameworks */,
				67D096AB6B61680C12EE3536 /* [CP] Copy Pods Resources */,
			);
			buildRules = (
			);
			dependencies = (
			);
			name = "Smart-Drawer";
			productName = "Smart-Drawer";
			productReference = 4F78326A1E0D29EC002D5708 /* Smart-Drawer.app */;
			productType = "com.apple.product-type.application";
		};
		4F78327D1E0D29EC002D5708 /* Smart-DrawerTests */ = {
			isa = PBXNativeTarget;
			buildConfigurationList = 4F7832951E0D29EC002D5708 /* Build configuration list for PBXNativeTarget "Smart-DrawerTests" */;
			buildPhases = (
				461845DE69B034B11F95DF49 /* [CP] Check Pods Manifest.lock */,
				4F78327A1E0D29EC002D5708 /* Sources */,
				4F78327B1E0D29EC002D5708 /* Frameworks */,
				4F78327C1E0D29EC002D5708 /* Resources */,
				48FE91DCB9C40A0292957AE8 /* [CP] Embed Pods Frameworks */,
				DF8FF87AC1084808784324D3 /* [CP] Copy Pods Resources */,
			);
			buildRules = (
			);
			dependencies = (
				4F7832801E0D29EC002D5708 /* PBXTargetDependency */,
			);
			name = "Smart-DrawerTests";
			productName = "Smart-DrawerTests";
			productReference = 4F78327E1E0D29EC002D5708 /* Smart-DrawerTests.xctest */;
			productType = "com.apple.product-type.bundle.unit-test";
		};
		4F7832881E0D29EC002D5708 /* Smart-DrawerUITests */ = {
			isa = PBXNativeTarget;
			buildConfigurationList = 4F7832981E0D29EC002D5708 /* Build configuration list for PBXNativeTarget "Smart-DrawerUITests" */;
			buildPhases = (
				F7659221D989035384FB0B08 /* [CP] Check Pods Manifest.lock */,
				4F7832851E0D29EC002D5708 /* Sources */,
				4F7832861E0D29EC002D5708 /* Frameworks */,
				4F7832871E0D29EC002D5708 /* Resources */,
				11DD648B839509F6EA4748D2 /* [CP] Embed Pods Frameworks */,
				3995B4340CED5C3AEDA002FA /* [CP] Copy Pods Resources */,
			);
			buildRules = (
			);
			dependencies = (
				4F78328B1E0D29EC002D5708 /* PBXTargetDependency */,
			);
			name = "Smart-DrawerUITests";
			productName = "Smart-DrawerUITests";
			productReference = 4F7832891E0D29EC002D5708 /* Smart-DrawerUITests.xctest */;
			productType = "com.apple.product-type.bundle.ui-testing";
		};
/* End PBXNativeTarget section */

/* Begin PBXProject section */
		4F7832621E0D29EC002D5708 /* Project object */ = {
			isa = PBXProject;
			attributes = {
				LastSwiftUpdateCheck = 0820;
				LastUpgradeCheck = 0820;
				ORGANIZATIONNAME = "Sr. Project";
				TargetAttributes = {
					4F7832691E0D29EC002D5708 = {
						CreatedOnToolsVersion = 8.2.1;
						DevelopmentTeam = 2G2J7L3W3L;
						LastSwiftMigration = 0810;
						ProvisioningStyle = Automatic;
						SystemCapabilities = {
							com.apple.Keychain = {
								enabled = 1;
							};
						};
					};
					4F78327D1E0D29EC002D5708 = {
						CreatedOnToolsVersion = 8.2.1;
						DevelopmentTeam = 2G2J7L3W3L;
						ProvisioningStyle = Automatic;
						TestTargetID = 4F7832691E0D29EC002D5708;
					};
					4F7832881E0D29EC002D5708 = {
						CreatedOnToolsVersion = 8.2.1;
						DevelopmentTeam = 2G2J7L3W3L;
						ProvisioningStyle = Automatic;
						TestTargetID = 4F7832691E0D29EC002D5708;
					};
				};
			};
			buildConfigurationList = 4F7832651E0D29EC002D5708 /* Build configuration list for PBXProject "Smart-Drawer" */;
			compatibilityVersion = "Xcode 3.2";
			developmentRegion = English;
			hasScannedForEncodings = 0;
			knownRegions = (
				en,
				Base,
			);
			mainGroup = 4F7832611E0D29EC002D5708;
			productRefGroup = 4F78326B1E0D29EC002D5708 /* Products */;
			projectDirPath = "";
			projectRoot = "";
			targets = (
				4F7832691E0D29EC002D5708 /* Smart-Drawer */,
				4F78327D1E0D29EC002D5708 /* Smart-DrawerTests */,
				4F7832881E0D29EC002D5708 /* Smart-DrawerUITests */,
			);
		};
/* End PBXProject section */

/* Begin PBXResourcesBuildPhase section */
		4F7832681E0D29EC002D5708 /* Resources */ = {
			isa = PBXResourcesBuildPhase;
			buildActionMask = 2147483647;
			files = (
				4F7832781E0D29EC002D5708 /* LaunchScreen.storyboard in Resources */,
				843A90A81E5690B70069A5B0 /* GoogleService-Info.plist in Resources */,
				4F7832751E0D29EC002D5708 /* Assets.xcassets in Resources */,
				4F7832731E0D29EC002D5708 /* Main.storyboard in Resources */,
			);
			runOnlyForDeploymentPostprocessing = 0;
		};
		4F78327C1E0D29EC002D5708 /* Resources */ = {
			isa = PBXResourcesBuildPhase;
			buildActionMask = 2147483647;
			files = (
				843A90A91E5690B70069A5B0 /* GoogleService-Info.plist in Resources */,
			);
			runOnlyForDeploymentPostprocessing = 0;
		};
		4F7832871E0D29EC002D5708 /* Resources */ = {
			isa = PBXResourcesBuildPhase;
			buildActionMask = 2147483647;
			files = (
				843A90AA1E5690B70069A5B0 /* GoogleService-Info.plist in Resources */,
			);
			runOnlyForDeploymentPostprocessing = 0;
		};
/* End PBXResourcesBuildPhase section */

/* Begin PBXShellScriptBuildPhase section */
		11DD648B839509F6EA4748D2 /* [CP] Embed Pods Frameworks */ = {
			isa = PBXShellScriptBuildPhase;
			buildActionMask = 2147483647;
			files = (
			);
			inputPaths = (
			);
			name = "[CP] Embed Pods Frameworks";
			outputPaths = (
			);
			runOnlyForDeploymentPostprocessing = 0;
			shellPath = /bin/sh;
			shellScript = "\"${SRCROOT}/Pods/Target Support Files/Pods-Smart-DrawerUITests/Pods-Smart-DrawerUITests-frameworks.sh\"\n";
			showEnvVarsInLog = 0;
		};
		3995B4340CED5C3AEDA002FA /* [CP] Copy Pods Resources */ = {
			isa = PBXShellScriptBuildPhase;
			buildActionMask = 2147483647;
			files = (
			);
			inputPaths = (
			);
			name = "[CP] Copy Pods Resources";
			outputPaths = (
			);
			runOnlyForDeploymentPostprocessing = 0;
			shellPath = /bin/sh;
			shellScript = "\"${SRCROOT}/Pods/Target Support Files/Pods-Smart-DrawerUITests/Pods-Smart-DrawerUITests-resources.sh\"\n";
			showEnvVarsInLog = 0;
		};
		461845DE69B034B11F95DF49 /* [CP] Check Pods Manifest.lock */ = {
			isa = PBXShellScriptBuildPhase;
			buildActionMask = 2147483647;
			files = (
			);
			inputPaths = (
			);
			name = "[CP] Check Pods Manifest.lock";
			outputPaths = (
			);
			runOnlyForDeploymentPostprocessing = 0;
			shellPath = /bin/sh;
			shellScript = "diff \"${PODS_ROOT}/../Podfile.lock\" \"${PODS_ROOT}/Manifest.lock\" > /dev/null\nif [ $? != 0 ] ; then\n    # print error to STDERR\n    echo \"error: The sandbox is not in sync with the Podfile.lock. Run 'pod install' or update your CocoaPods installation.\" >&2\n    exit 1\nfi\n";
			showEnvVarsInLog = 0;
		};
		48FE91DCB9C40A0292957AE8 /* [CP] Embed Pods Frameworks */ = {
			isa = PBXShellScriptBuildPhase;
			buildActionMask = 2147483647;
			files = (
			);
			inputPaths = (
			);
			name = "[CP] Embed Pods Frameworks";
			outputPaths = (
			);
			runOnlyForDeploymentPostprocessing = 0;
			shellPath = /bin/sh;
			shellScript = "\"${SRCROOT}/Pods/Target Support Files/Pods-Smart-DrawerTests/Pods-Smart-DrawerTests-frameworks.sh\"\n";
			showEnvVarsInLog = 0;
		};
		67D096AB6B61680C12EE3536 /* [CP] Copy Pods Resources */ = {
			isa = PBXShellScriptBuildPhase;
			buildActionMask = 2147483647;
			files = (
			);
			inputPaths = (
			);
			name = "[CP] Copy Pods Resources";
			outputPaths = (
			);
			runOnlyForDeploymentPostprocessing = 0;
			shellPath = /bin/sh;
			shellScript = "\"${SRCROOT}/Pods/Target Support Files/Pods-Smart-Drawer/Pods-Smart-Drawer-resources.sh\"\n";
			showEnvVarsInLog = 0;
		};
		827314E00A1DA139CF928A03 /* [CP] Embed Pods Frameworks */ = {
			isa = PBXShellScriptBuildPhase;
			buildActionMask = 2147483647;
			files = (
			);
			inputPaths = (
			);
			name = "[CP] Embed Pods Frameworks";
			outputPaths = (
			);
			runOnlyForDeploymentPostprocessing = 0;
			shellPath = /bin/sh;
			shellScript = "\"${SRCROOT}/Pods/Target Support Files/Pods-Smart-Drawer/Pods-Smart-Drawer-frameworks.sh\"\n";
			showEnvVarsInLog = 0;
		};
		D3DAC558D8AA6B938F270CD1 /* [CP] Check Pods Manifest.lock */ = {
			isa = PBXShellScriptBuildPhase;
			buildActionMask = 2147483647;
			files = (
			);
			inputPaths = (
			);
			name = "[CP] Check Pods Manifest.lock";
			outputPaths = (
			);
			runOnlyForDeploymentPostprocessing = 0;
			shellPath = /bin/sh;
			shellScript = "diff \"${PODS_ROOT}/../Podfile.lock\" \"${PODS_ROOT}/Manifest.lock\" > /dev/null\nif [ $? != 0 ] ; then\n    # print error to STDERR\n    echo \"error: The sandbox is not in sync with the Podfile.lock. Run 'pod install' or update your CocoaPods installation.\" >&2\n    exit 1\nfi\n";
			showEnvVarsInLog = 0;
		};
		DF8FF87AC1084808784324D3 /* [CP] Copy Pods Resources */ = {
			isa = PBXShellScriptBuildPhase;
			buildActionMask = 2147483647;
			files = (
			);
			inputPaths = (
			);
			name = "[CP] Copy Pods Resources";
			outputPaths = (
			);
			runOnlyForDeploymentPostprocessing = 0;
			shellPath = /bin/sh;
			shellScript = "\"${SRCROOT}/Pods/Target Support Files/Pods-Smart-DrawerTests/Pods-Smart-DrawerTests-resources.sh\"\n";
			showEnvVarsInLog = 0;
		};
		F7659221D989035384FB0B08 /* [CP] Check Pods Manifest.lock */ = {
			isa = PBXShellScriptBuildPhase;
			buildActionMask = 2147483647;
			files = (
			);
			inputPaths = (
			);
			name = "[CP] Check Pods Manifest.lock";
			outputPaths = (
			);
			runOnlyForDeploymentPostprocessing = 0;
			shellPath = /bin/sh;
			shellScript = "diff \"${PODS_ROOT}/../Podfile.lock\" \"${PODS_ROOT}/Manifest.lock\" > /dev/null\nif [ $? != 0 ] ; then\n    # print error to STDERR\n    echo \"error: The sandbox is not in sync with the Podfile.lock. Run 'pod install' or update your CocoaPods installation.\" >&2\n    exit 1\nfi\n";
			showEnvVarsInLog = 0;
		};
/* End PBXShellScriptBuildPhase section */

/* Begin PBXSourcesBuildPhase section */
		4F7832661E0D29EC002D5708 /* Sources */ = {
			isa = PBXSourcesBuildPhase;
			buildActionMask = 2147483647;
			files = (
				84101D811E6278E7007EC78D /* BLE.m in Sources */,
				4F7832701E0D29EC002D5708 /* ViewController.swift in Sources */,
				849A7D921E54CF2300B43CC1 /* RcvMedsViewController.swift in Sources */,
				84FAB9011E3AE0E100CA7614 /* Condition.swift in Sources */,
				84101D761E627512007EC78D /* TableViewController.m in Sources */,
				84FAB9041E3AED0B00CA7614 /* SearchViewController.swift in Sources */,
				84263D4B1E58FC21005BFE09 /* UserConditions.swift in Sources */,
				84263D461E58F54D005BFE09 /* ConditionItem.swift in Sources */,
				849A7D901E54CF1300B43CC1 /* EditConditionsViewController.swift in Sources */,
				84263D481E58F860005BFE09 /* ReceiveMedsTableViewController.swift in Sources */,
				84FAB9061E3AEF6E00CA7614 /* LoginViewController.swift in Sources */,
				4F78326E1E0D29EC002D5708 /* AppDelegate.swift in Sources */,
				84263D4D1E58FE81005BFE09 /* User.swift in Sources */,
				842864BD1E3AFE8F00413C79 /* UserDashViewController.swift in Sources */,
				849A7D941E54CF2F00B43CC1 /* AccOptionsViewController.swift in Sources */,
				84263D441E58F4C6005BFE09 /* ConditionsListTableViewController.swift in Sources */,
			);
			runOnlyForDeploymentPostprocessing = 0;
		};
		4F78327A1E0D29EC002D5708 /* Sources */ = {
			isa = PBXSourcesBuildPhase;
			buildActionMask = 2147483647;
			files = (
				4F7832831E0D29EC002D5708 /* Smart_DrawerTests.swift in Sources */,
			);
			runOnlyForDeploymentPostprocessing = 0;
		};
		4F7832851E0D29EC002D5708 /* Sources */ = {
			isa = PBXSourcesBuildPhase;
			buildActionMask = 2147483647;
			files = (
				4F78328E1E0D29EC002D5708 /* Smart_DrawerUITests.swift in Sources */,
			);
			runOnlyForDeploymentPostprocessing = 0;
		};
/* End PBXSourcesBuildPhase section */

/* Begin PBXTargetDependency section */
		4F7832801E0D29EC002D5708 /* PBXTargetDependency */ = {
			isa = PBXTargetDependency;
			target = 4F7832691E0D29EC002D5708 /* Smart-Drawer */;
			targetProxy = 4F78327F1E0D29EC002D5708 /* PBXContainerItemProxy */;
		};
		4F78328B1E0D29EC002D5708 /* PBXTargetDependency */ = {
			isa = PBXTargetDependency;
			target = 4F7832691E0D29EC002D5708 /* Smart-Drawer */;
			targetProxy = 4F78328A1E0D29EC002D5708 /* PBXContainerItemProxy */;
		};
/* End PBXTargetDependency section */

/* Begin PBXVariantGroup section */
		4F7832711E0D29EC002D5708 /* Main.storyboard */ = {
			isa = PBXVariantGroup;
			children = (
				4F7832721E0D29EC002D5708 /* Base */,
			);
			name = Main.storyboard;
			sourceTree = "<group>";
		};
		4F7832761E0D29EC002D5708 /* LaunchScreen.storyboard */ = {
			isa = PBXVariantGroup;
			children = (
				4F7832771E0D29EC002D5708 /* Base */,
			);
			name = LaunchScreen.storyboard;
			sourceTree = "<group>";
		};
/* End PBXVariantGroup section */

/* Begin XCBuildConfiguration section */
		4F7832901E0D29EC002D5708 /* Debug */ = {
			isa = XCBuildConfiguration;
			buildSettings = {
				ALWAYS_SEARCH_USER_PATHS = NO;
				CLANG_ANALYZER_NONNULL = YES;
				CLANG_CXX_LANGUAGE_STANDARD = "gnu++0x";
				CLANG_CXX_LIBRARY = "libc++";
				CLANG_ENABLE_MODULES = YES;
				CLANG_ENABLE_OBJC_ARC = YES;
				CLANG_WARN_BOOL_CONVERSION = YES;
				CLANG_WARN_CONSTANT_CONVERSION = YES;
				CLANG_WARN_DIRECT_OBJC_ISA_USAGE = YES_ERROR;
				CLANG_WARN_DOCUMENTATION_COMMENTS = YES;
				CLANG_WARN_EMPTY_BODY = YES;
				CLANG_WARN_ENUM_CONVERSION = YES;
				CLANG_WARN_INFINITE_RECURSION = YES;
				CLANG_WARN_INT_CONVERSION = YES;
				CLANG_WARN_OBJC_ROOT_CLASS = YES_ERROR;
				CLANG_WARN_SUSPICIOUS_MOVE = YES;
				CLANG_WARN_UNREACHABLE_CODE = YES;
				CLANG_WARN__DUPLICATE_METHOD_MATCH = YES;
				"CODE_SIGN_IDENTITY[sdk=iphoneos*]" = "iPhone Developer";
				COPY_PHASE_STRIP = NO;
				DEBUG_INFORMATION_FORMAT = dwarf;
				DEFINES_MODULE = YES;
				ENABLE_STRICT_OBJC_MSGSEND = YES;
				ENABLE_TESTABILITY = YES;
				GCC_C_LANGUAGE_STANDARD = gnu99;
				GCC_DYNAMIC_NO_PIC = NO;
				GCC_NO_COMMON_BLOCKS = YES;
				GCC_OPTIMIZATION_LEVEL = 0;
				GCC_PREPROCESSOR_DEFINITIONS = (
					"DEBUG=1",
					"$(inherited)",
				);
				GCC_WARN_64_TO_32_BIT_CONVERSION = YES;
				GCC_WARN_ABOUT_RETURN_TYPE = YES_ERROR;
				GCC_WARN_UNDECLARED_SELECTOR = YES;
				GCC_WARN_UNINITIALIZED_AUTOS = YES_AGGRESSIVE;
				GCC_WARN_UNUSED_FUNCTION = YES;
				GCC_WARN_UNUSED_VARIABLE = YES;
				IPHONEOS_DEPLOYMENT_TARGET = 10.2;
				MTL_ENABLE_DEBUG_INFO = YES;
				ONLY_ACTIVE_ARCH = YES;
				SDKROOT = iphoneos;
				SWIFT_ACTIVE_COMPILATION_CONDITIONS = DEBUG;
				SWIFT_OPTIMIZATION_LEVEL = "-Onone";
			};
			name = Debug;
		};
		4F7832911E0D29EC002D5708 /* Release */ = {
			isa = XCBuildConfiguration;
			buildSettings = {
				ALWAYS_SEARCH_USER_PATHS = NO;
				CLANG_ANALYZER_NONNULL = YES;
				CLANG_CXX_LANGUAGE_STANDARD = "gnu++0x";
				CLANG_CXX_LIBRARY = "libc++";
				CLANG_ENABLE_MODULES = YES;
				CLANG_ENABLE_OBJC_ARC = YES;
				CLANG_WARN_BOOL_CONVERSION = YES;
				CLANG_WARN_CONSTANT_CONVERSION = YES;
				CLANG_WARN_DIRECT_OBJC_ISA_USAGE = YES_ERROR;
				CLANG_WARN_DOCUMENTATION_COMMENTS = YES;
				CLANG_WARN_EMPTY_BODY = YES;
				CLANG_WARN_ENUM_CONVERSION = YES;
				CLANG_WARN_INFINITE_RECURSION = YES;
				CLANG_WARN_INT_CONVERSION = YES;
				CLANG_WARN_OBJC_ROOT_CLASS = YES_ERROR;
				CLANG_WARN_SUSPICIOUS_MOVE = YES;
				CLANG_WARN_UNREACHABLE_CODE = YES;
				CLANG_WARN__DUPLICATE_METHOD_MATCH = YES;
				"CODE_SIGN_IDENTITY[sdk=iphoneos*]" = "iPhone Developer";
				COPY_PHASE_STRIP = NO;
				DEBUG_INFORMATION_FORMAT = "dwarf-with-dsym";
				DEFINES_MODULE = YES;
				ENABLE_NS_ASSERTIONS = NO;
				ENABLE_STRICT_OBJC_MSGSEND = YES;
				GCC_C_LANGUAGE_STANDARD = gnu99;
				GCC_NO_COMMON_BLOCKS = YES;
				GCC_WARN_64_TO_32_BIT_CONVERSION = YES;
				GCC_WARN_ABOUT_RETURN_TYPE = YES_ERROR;
				GCC_WARN_UNDECLARED_SELECTOR = YES;
				GCC_WARN_UNINITIALIZED_AUTOS = YES_AGGRESSIVE;
				GCC_WARN_UNUSED_FUNCTION = YES;
				GCC_WARN_UNUSED_VARIABLE = YES;
				IPHONEOS_DEPLOYMENT_TARGET = 10.2;
				MTL_ENABLE_DEBUG_INFO = NO;
				SDKROOT = iphoneos;
				SWIFT_OPTIMIZATION_LEVEL = "-Owholemodule";
				VALIDATE_PRODUCT = YES;
			};
			name = Release;
		};
		4F7832931E0D29EC002D5708 /* Debug */ = {
			isa = XCBuildConfiguration;
			baseConfigurationReference = A9F0290FC286BFFE20532093 /* Pods-Smart-Drawer.debug.xcconfig */;
			buildSettings = {
				ASSETCATALOG_COMPILER_APPICON_NAME = AppIcon;
				CLANG_ENABLE_MODULES = YES;
				DEFINES_MODULE = YES;
				CODE_SIGN_ENTITLEMENTS = "Smart-Drawer/Smart-Drawer.entitlements";
				DEVELOPMENT_TEAM = 2G2J7L3W3L;
				INFOPLIST_FILE = "Smart-Drawer/Info.plist";
				IPHONEOS_DEPLOYMENT_TARGET = 10.0;
				LD_RUNPATH_SEARCH_PATHS = "$(inherited) @executable_path/Frameworks";
				PRODUCT_BUNDLE_IDENTIFIER = "cpp.srproject.Smart-Drawer";
				PRODUCT_NAME = "$(TARGET_NAME)";
				SWIFT_OBJC_BRIDGING_HEADER = "Smart-Drawer/Smart-Drawer-Bridging-Header.h";
				SWIFT_OPTIMIZATION_LEVEL = "-Onone";
				SWIFT_VERSION = 3.0;
			};
			name = Debug;
		};
		4F7832941E0D29EC002D5708 /* Release */ = {
			isa = XCBuildConfiguration;
			baseConfigurationReference = DBC00F7D8F6BAC91BFE5909B /* Pods-Smart-Drawer.release.xcconfig */;
			buildSettings = {
				ASSETCATALOG_COMPILER_APPICON_NAME = AppIcon;
				CLANG_ENABLE_MODULES = YES;
				DEFINES_MODULE = YES;
				CODE_SIGN_ENTITLEMENTS = "Smart-Drawer/Smart-Drawer.entitlements";
				DEVELOPMENT_TEAM = 2G2J7L3W3L;
				INFOPLIST_FILE = "Smart-Drawer/Info.plist";
				IPHONEOS_DEPLOYMENT_TARGET = 10.0;
				LD_RUNPATH_SEARCH_PATHS = "$(inherited) @executable_path/Frameworks";
				PRODUCT_BUNDLE_IDENTIFIER = "cpp.srproject.Smart-Drawer";
				PRODUCT_NAME = "$(TARGET_NAME)";
				SWIFT_OBJC_BRIDGING_HEADER = "Smart-Drawer/Smart-Drawer-Bridging-Header.h";
				SWIFT_VERSION = 3.0;
			};
			name = Release;
		};
		4F7832961E0D29EC002D5708 /* Debug */ = {
			isa = XCBuildConfiguration;
			baseConfigurationReference = F80022EFB71EA4A4463D1464 /* Pods-Smart-DrawerTests.debug.xcconfig */;
			buildSettings = {
				ALWAYS_EMBED_SWIFT_STANDARD_LIBRARIES = YES;
				BUNDLE_LOADER = "$(TEST_HOST)";
				DEVELOPMENT_TEAM = 2G2J7L3W3L;
				INFOPLIST_FILE = "Smart-DrawerTests/Info.plist";
				LD_RUNPATH_SEARCH_PATHS = "$(inherited) @executable_path/Frameworks @loader_path/Frameworks";
				PRODUCT_BUNDLE_IDENTIFIER = "cpp.srproject.Smart-DrawerTests";
				PRODUCT_NAME = "$(TARGET_NAME)";
				SWIFT_VERSION = 3.0;
				TEST_HOST = "$(BUILT_PRODUCTS_DIR)/Smart-Drawer.app/Smart-Drawer";
			};
			name = Debug;
		};
		4F7832971E0D29EC002D5708 /* Release */ = {
			isa = XCBuildConfiguration;
			baseConfigurationReference = E800F21D1624069403DBA120 /* Pods-Smart-DrawerTests.release.xcconfig */;
			buildSettings = {
				ALWAYS_EMBED_SWIFT_STANDARD_LIBRARIES = YES;
				BUNDLE_LOADER = "$(TEST_HOST)";
				DEVELOPMENT_TEAM = 2G2J7L3W3L;
				INFOPLIST_FILE = "Smart-DrawerTests/Info.plist";
				LD_RUNPATH_SEARCH_PATHS = "$(inherited) @executable_path/Frameworks @loader_path/Frameworks";
				PRODUCT_BUNDLE_IDENTIFIER = "cpp.srproject.Smart-DrawerTests";
				PRODUCT_NAME = "$(TARGET_NAME)";
				SWIFT_VERSION = 3.0;
				TEST_HOST = "$(BUILT_PRODUCTS_DIR)/Smart-Drawer.app/Smart-Drawer";
			};
			name = Release;
		};
		4F7832991E0D29EC002D5708 /* Debug */ = {
			isa = XCBuildConfiguration;
			baseConfigurationReference = B8A1FC2076ED44E0AB080245 /* Pods-Smart-DrawerUITests.debug.xcconfig */;
			buildSettings = {
				ALWAYS_EMBED_SWIFT_STANDARD_LIBRARIES = YES;
				DEVELOPMENT_TEAM = 2G2J7L3W3L;
				INFOPLIST_FILE = "Smart-DrawerUITests/Info.plist";
				LD_RUNPATH_SEARCH_PATHS = "$(inherited) @executable_path/Frameworks @loader_path/Frameworks";
				PRODUCT_BUNDLE_IDENTIFIER = "cpp.srproject.Smart-DrawerUITests";
				PRODUCT_NAME = "$(TARGET_NAME)";
				SWIFT_VERSION = 3.0;
				TEST_TARGET_NAME = "Smart-Drawer";
			};
			name = Debug;
		};
		4F78329A1E0D29EC002D5708 /* Release */ = {
			isa = XCBuildConfiguration;
			baseConfigurationReference = E5E02AC30D3537E1C38D3EA9 /* Pods-Smart-DrawerUITests.release.xcconfig */;
			buildSettings = {
				ALWAYS_EMBED_SWIFT_STANDARD_LIBRARIES = YES;
				DEVELOPMENT_TEAM = 2G2J7L3W3L;
				INFOPLIST_FILE = "Smart-DrawerUITests/Info.plist";
				LD_RUNPATH_SEARCH_PATHS = "$(inherited) @executable_path/Frameworks @loader_path/Frameworks";
				PRODUCT_BUNDLE_IDENTIFIER = "cpp.srproject.Smart-DrawerUITests";
				PRODUCT_NAME = "$(TARGET_NAME)";
				SWIFT_VERSION = 3.0;
				TEST_TARGET_NAME = "Smart-Drawer";
			};
			name = Release;
		};
/* End XCBuildConfiguration section */

/* Begin XCConfigurationList section */
		4F7832651E0D29EC002D5708 /* Build configuration list for PBXProject "Smart-Drawer" */ = {
			isa = XCConfigurationList;
			buildConfigurations = (
				4F7832901E0D29EC002D5708 /* Debug */,
				4F7832911E0D29EC002D5708 /* Release */,
			);
			defaultConfigurationIsVisible = 0;
			defaultConfigurationName = Release;
		};
		4F7832921E0D29EC002D5708 /* Build configuration list for PBXNativeTarget "Smart-Drawer" */ = {
			isa = XCConfigurationList;
			buildConfigurations = (
				4F7832931E0D29EC002D5708 /* Debug */,
				4F7832941E0D29EC002D5708 /* Release */,
			);
			defaultConfigurationIsVisible = 0;
			defaultConfigurationName = Release;
		};
		4F7832951E0D29EC002D5708 /* Build configuration list for PBXNativeTarget "Smart-DrawerTests" */ = {
			isa = XCConfigurationList;
			buildConfigurations = (
				4F7832961E0D29EC002D5708 /* Debug */,
				4F7832971E0D29EC002D5708 /* Release */,
			);
			defaultConfigurationIsVisible = 0;
			defaultConfigurationName = Release;
		};
		4F7832981E0D29EC002D5708 /* Build configuration list for PBXNativeTarget "Smart-DrawerUITests" */ = {
			isa = XCConfigurationList;
			buildConfigurations = (
				4F7832991E0D29EC002D5708 /* Debug */,
				4F78329A1E0D29EC002D5708 /* Release */,
			);
			defaultConfigurationIsVisible = 0;
			defaultConfigurationName = Release;
		};
/* End XCConfigurationList section */
	};
	rootObject = 4F7832621E0D29EC002D5708 /* Project object */;
}
